// !$*UTF8*$!
{
	archiveVersion = 1;
	classes = {
	};
	objectVersion = 46;
	objects = {

/* Begin PBXBuildFile section */
		96161F961DB5CD7F005A2034 /* cpp_btree.c in Sources */ = {isa = PBXBuildFile; fileRef = 96161F951DB5CD7F005A2034 /* cpp_btree.c */; };
		96161F971DB5CEAA005A2034 /* btree_container.h in CopyFiles */ = {isa = PBXBuildFile; fileRef = 96161F8E1DB5CD52005A2034 /* btree_container.h */; };
		96161F981DB5CEAA005A2034 /* btree_map.h in CopyFiles */ = {isa = PBXBuildFile; fileRef = 96161F8F1DB5CD52005A2034 /* btree_map.h */; };
		96161F991DB5CEAA005A2034 /* btree_set.h in CopyFiles */ = {isa = PBXBuildFile; fileRef = 96161F901DB5CD52005A2034 /* btree_set.h */; };
		96161F9A1DB5CEAA005A2034 /* btree.h in CopyFiles */ = {isa = PBXBuildFile; fileRef = 96161F911DB5CD52005A2034 /* btree.h */; };
		96161F9B1DB5CEAA005A2034 /* safe_btree_map.h in CopyFiles */ = {isa = PBXBuildFile; fileRef = 96161F921DB5CD52005A2034 /* safe_btree_map.h */; };
		96161F9C1DB5CEAA005A2034 /* safe_btree_set.h in CopyFiles */ = {isa = PBXBuildFile; fileRef = 96161F931DB5CD52005A2034 /* safe_btree_set.h */; };
		96161F9D1DB5CEAA005A2034 /* safe_btree.h in CopyFiles */ = {isa = PBXBuildFile; fileRef = 96161F941DB5CD52005A2034 /* safe_btree.h */; };
/* End PBXBuildFile section */

/* Begin PBXCopyFilesBuildPhase section */
		96161F741DB5CB9D005A2034 /* CopyFiles */ = {
			isa = PBXCopyFilesBuildPhase;
			buildActionMask = 2147483647;
			dstPath = "include/$(PRODUCT_NAME)";
			dstSubfolderSpec = 16;
			files = (
				96161F971DB5CEAA005A2034 /* btree_container.h in CopyFiles */,
				96161F981DB5CEAA005A2034 /* btree_map.h in CopyFiles */,
				96161F991DB5CEAA005A2034 /* btree_set.h in CopyFiles */,
				96161F9A1DB5CEAA005A2034 /* btree.h in CopyFiles */,
				96161F9B1DB5CEAA005A2034 /* safe_btree_map.h in CopyFiles */,
				96161F9C1DB5CEAA005A2034 /* safe_btree_set.h in CopyFiles */,
				96161F9D1DB5CEAA005A2034 /* safe_btree.h in CopyFiles */,
			);
			runOnlyForDeploymentPostprocessing = 0;
		};
/* End PBXCopyFilesBuildPhase section */

/* Begin PBXFileReference section */
		96161F761DB5CB9D005A2034 /* libcpp_btree.a */ = {isa = PBXFileReference; explicitFileType = archive.ar; includeInIndex = 0; path = libcpp_btree.a; sourceTree = BUILT_PRODUCTS_DIR; };
		96161F8E1DB5CD52005A2034 /* btree_container.h */ = {isa = PBXFileReference; fileEncoding = 4; lastKnownFileType = sourcecode.c.h; path = btree_container.h; sourceTree = "<group>"; };
		96161F8F1DB5CD52005A2034 /* btree_map.h */ = {isa = PBXFileReference; fileEncoding = 4; lastKnownFileType = sourcecode.c.h; path = btree_map.h; sourceTree = "<group>"; };
		96161F901DB5CD52005A2034 /* btree_set.h */ = {isa = PBXFileReference; fileEncoding = 4; lastKnownFileType = sourcecode.c.h; path = btree_set.h; sourceTree = "<group>"; };
		96161F911DB5CD52005A2034 /* btree.h */ = {isa = PBXFileReference; fileEncoding = 4; lastKnownFileType = sourcecode.c.h; path = btree.h; sourceTree = "<group>"; };
		96161F921DB5CD52005A2034 /* safe_btree_map.h */ = {isa = PBXFileReference; fileEncoding = 4; lastKnownFileType = sourcecode.c.h; path = safe_btree_map.h; sourceTree = "<group>"; };
		96161F931DB5CD52005A2034 /* safe_btree_set.h */ = {isa = PBXFileReference; fileEncoding = 4; lastKnownFileType = sourcecode.c.h; path = safe_btree_set.h; sourceTree = "<group>"; };
		96161F941DB5CD52005A2034 /* safe_btree.h */ = {isa = PBXFileReference; fileEncoding = 4; lastKnownFileType = sourcecode.c.h; path = safe_btree.h; sourceTree = "<group>"; };
		96161F951DB5CD7F005A2034 /* cpp_btree.c */ = {isa = PBXFileReference; fileEncoding = 4; lastKnownFileType = sourcecode.c.c; path = cpp_btree.c; sourceTree = "<group>"; };
/* End PBXFileReference section */

/* Begin PBXFrameworksBuildPhase section */
		96161F731DB5CB9D005A2034 /* Frameworks */ = {
			isa = PBXFrameworksBuildPhase;
			buildActionMask = 2147483647;
			files = (
			);
			runOnlyForDeploymentPostprocessing = 0;
		};
/* End PBXFrameworksBuildPhase section */

/* Begin PBXGroup section */
		96161F6D1DB5CB9D005A2034 = {
			isa = PBXGroup;
			children = (
				96161F951DB5CD7F005A2034 /* cpp_btree.c */,
				96161F781DB5CB9D005A2034 /* cpp_btree */,
				96161F771DB5CB9D005A2034 /* Products */,
			);
			sourceTree = "<group>";
		};
		96161F771DB5CB9D005A2034 /* Products */ = {
			isa = PBXGroup;
			children = (
				96161F761DB5CB9D005A2034 /* libcpp_btree.a */,
			);
			name = Products;
			sourceTree = "<group>";
		};
		96161F781DB5CB9D005A2034 /* cpp_btree */ = {
			isa = PBXGroup;
			children = (
				96161F8E1DB5CD52005A2034 /* btree_container.h */,
				96161F8F1DB5CD52005A2034 /* btree_map.h */,
				96161F901DB5CD52005A2034 /* btree_set.h */,
				96161F911DB5CD52005A2034 /* btree.h */,
				96161F921DB5CD52005A2034 /* safe_btree_map.h */,
				96161F931DB5CD52005A2034 /* safe_btree_set.h */,
				96161F941DB5CD52005A2034 /* safe_btree.h */,
			);
			path = cpp_btree;
			sourceTree = "<group>";
		};
/* End PBXGroup section */

/* Begin PBXNativeTarget section */
		96161F751DB5CB9D005A2034 /* cpp_btree */ = {
			isa = PBXNativeTarget;
			buildConfigurationList = 96161F7F1DB5CB9D005A2034 /* Build configuration list for PBXNativeTarget "cpp_btree" */;
			buildPhases = (
				96161F721DB5CB9D005A2034 /* Sources */,
				96161F731DB5CB9D005A2034 /* Frameworks */,
				96161F741DB5CB9D005A2034 /* CopyFiles */,
			);
			buildRules = (
			);
			dependencies = (
			);
			name = cpp_btree;
			productName = cpp_btree;
			productReference = 96161F761DB5CB9D005A2034 /* libcpp_btree.a */;
			productType = "com.apple.product-type.library.static";
		};
/* End PBXNativeTarget section */

/* Begin PBXProject section */
		96161F6E1DB5CB9D005A2034 /* Project object */ = {
			isa = PBXProject;
			attributes = {
				LastUpgradeCheck = 0800;
				ORGANIZATIONNAME = "Michel Donais";
				TargetAttributes = {
					96161F751DB5CB9D005A2034 = {
						CreatedOnToolsVersion = 8.0;
						DevelopmentTeam = 6UA46ZJEU9;
						ProvisioningStyle = Automatic;
					};
				};
			};
			buildConfigurationList = 96161F711DB5CB9D005A2034 /* Build configuration list for PBXProject "cpp_btree" */;
			compatibilityVersion = "Xcode 3.2";
			developmentRegion = English;
			hasScannedForEncodings = 0;
			knownRegions = (
				en,
			);
			mainGroup = 96161F6D1DB5CB9D005A2034;
			productRefGroup = 96161F771DB5CB9D005A2034 /* Products */;
			projectDirPath = "";
			projectRoot = "";
			targets = (
				96161F751DB5CB9D005A2034 /* cpp_btree */,
			);
		};
/* End PBXProject section */

/* Begin PBXSourcesBuildPhase section */
		96161F721DB5CB9D005A2034 /* Sources */ = {
			isa = PBXSourcesBuildPhase;
			buildActionMask = 2147483647;
			files = (
				96161F961DB5CD7F005A2034 /* cpp_btree.c in Sources */,
			);
			runOnlyForDeploymentPostprocessing = 0;
		};
/* End PBXSourcesBuildPhase section */

/* Begin XCBuildConfiguration section */
		96161F7D1DB5CB9D005A2034 /* Debug */ = {
			isa = XCBuildConfiguration;
			buildSettings = {
				ALWAYS_SEARCH_USER_PATHS = NO;
				CLANG_ANALYZER_NONNULL = YES;
				CLANG_CXX_LANGUAGE_STANDARD = "gnu++0x";
				CLANG_CXX_LIBRARY = "libc++";
				CLANG_ENABLE_MODULES = YES;
				CLANG_ENABLE_OBJC_ARC = YES;
				CLANG_WARN_BOOL_CONVERSION = YES;
				CLANG_WARN_CONSTANT_CONVERSION = YES;
				CLANG_WARN_DIRECT_OBJC_ISA_USAGE = YES_ERROR;
				CLANG_WARN_DOCUMENTATION_COMMENTS = YES;
				CLANG_WARN_EMPTY_BODY = YES;
				CLANG_WARN_ENUM_CONVERSION = YES;
				CLANG_WARN_INFINITE_RECURSION = YES;
				CLANG_WARN_INT_CONVERSION = YES;
				CLANG_WARN_OBJC_ROOT_CLASS = YES_ERROR;
				CLANG_WARN_SUSPICIOUS_MOVES = YES;
				CLANG_WARN_UNREACHABLE_CODE = YES;
				CLANG_WARN__DUPLICATE_METHOD_MATCH = YES;
				"CODE_SIGN_IDENTITY[sdk=iphoneos*]" = "iPhone Developer";
				COPY_PHASE_STRIP = NO;
				DEBUG_INFORMATION_FORMAT = dwarf;
				ENABLE_STRICT_OBJC_MSGSEND = YES;
				ENABLE_TESTABILITY = YES;
				GCC_C_LANGUAGE_STANDARD = gnu99;
				GCC_DYNAMIC_NO_PIC = NO;
				GCC_NO_COMMON_BLOCKS = YES;
				GCC_OPTIMIZATION_LEVEL = 0;
				GCC_PREPROCESSOR_DEFINITIONS = (
					"DEBUG=1",
					"$(inherited)",
				);
				GCC_WARN_64_TO_32_BIT_CONVERSION = YES;
				GCC_WARN_ABOUT_RETURN_TYPE = YES_ERROR;
				GCC_WARN_UNDECLARED_SELECTOR = YES;
				GCC_WARN_UNINITIALIZED_AUTOS = YES_AGGRESSIVE;
				GCC_WARN_UNUSED_FUNCTION = YES;
				GCC_WARN_UNUSED_VARIABLE = YES;
				IPHONEOS_DEPLOYMENT_TARGET = 10.0;
				MTL_ENABLE_DEBUG_INFO = YES;
				ONLY_ACTIVE_ARCH = YES;
				SDKROOT = iphoneos;
			};
			name = Debug;
		};
		96161F7E1DB5CB9D005A2034 /* Release */ = {
			isa = XCBuildConfiguration;
			buildSettings = {
				ALWAYS_SEARCH_USER_PATHS = NO;
				CLANG_ANALYZER_NONNULL = YES;
				CLANG_CXX_LANGUAGE_STANDARD = "gnu++0x";
				CLANG_CXX_LIBRARY = "libc++";
				CLANG_ENABLE_MODULES = YES;
				CLANG_ENABLE_OBJC_ARC = YES;
				CLANG_WARN_BOOL_CONVERSION = YES;
				CLANG_WARN_CONSTANT_CONVERSION = YES;
				CLANG_WARN_DIRECT_OBJC_ISA_USAGE = YES_ERROR;
				CLANG_WARN_DOCUMENTATION_COMMENTS = YES;
				CLANG_WARN_EMPTY_BODY = YES;
				CLANG_WARN_ENUM_CONVERSION = YES;
				CLANG_WARN_INFINITE_RECURSION = YES;
				CLANG_WARN_INT_CONVERSION = YES;
				CLANG_WARN_OBJC_ROOT_CLASS = YES_ERROR;
				CLANG_WARN_SUSPICIOUS_MOVES = YES;
				CLANG_WARN_UNREACHABLE_CODE = YES;
				CLANG_WARN__DUPLICATE_METHOD_MATCH = YES;
				"CODE_SIGN_IDENTITY[sdk=iphoneos*]" = "iPhone Developer";
				COPY_PHASE_STRIP = NO;
				DEBUG_INFORMATION_FORMAT = "dwarf-with-dsym";
				ENABLE_NS_ASSERTIONS = NO;
				ENABLE_STRICT_OBJC_MSGSEND = YES;
				GCC_C_LANGUAGE_STANDARD = gnu99;
				GCC_NO_COMMON_BLOCKS = YES;
				GCC_WARN_64_TO_32_BIT_CONVERSION = YES;
				GCC_WARN_ABOUT_RETURN_TYPE = YES_ERROR;
				GCC_WARN_UNDECLARED_SELECTOR = YES;
				GCC_WARN_UNINITIALIZED_AUTOS = YES_AGGRESSIVE;
				GCC_WARN_UNUSED_FUNCTION = YES;
				GCC_WARN_UNUSED_VARIABLE = YES;
				IPHONEOS_DEPLOYMENT_TARGET = 10.0;
				MTL_ENABLE_DEBUG_INFO = NO;
				SDKROOT = iphoneos;
				VALIDATE_PRODUCT = YES;
			};
			name = Release;
		};
		96161F801DB5CB9D005A2034 /* Debug */ = {
			isa = XCBuildConfiguration;
			buildSettings = {
				DEVELOPMENT_TEAM = 6UA46ZJEU9;
				OTHER_LDFLAGS = "-ObjC";
				PRODUCT_NAME = "$(TARGET_NAME)";
				SKIP_INSTALL = YES;
			};
			name = Debug;
		};
		96161F811DB5CB9D005A2034 /* Release */ = {
			isa = XCBuildConfiguration;
			buildSettings = {
				DEVELOPMENT_TEAM = 6UA46ZJEU9;
				OTHER_LDFLAGS = "-ObjC";
				PRODUCT_NAME = "$(TARGET_NAME)";
				SKIP_INSTALL = YES;
			};
			name = Release;
		};
/* End XCBuildConfiguration section */

/* Begin XCConfigurationList section */
		96161F711DB5CB9D005A2034 /* Build configuration list for PBXProject "cpp_btree" */ = {
			isa = XCConfigurationList;
			buildConfigurations = (
				96161F7D1DB5CB9D005A2034 /* Debug */,
				96161F7E1DB5CB9D005A2034 /* Release */,
			);
			defaultConfigurationIsVisible = 0;
			defaultConfigurationName = Release;
		};
		96161F7F1DB5CB9D005A2034 /* Build configuration list for PBXNativeTarget "cpp_btree" */ = {
			isa = XCConfigurationList;
			buildConfigurations = (
				96161F801DB5CB9D005A2034 /* Debug */,
				96161F811DB5CB9D005A2034 /* Release */,
			);
			defaultConfigurationIsVisible = 0;
			defaultConfigurationName = Release;
		};
/* End XCConfigurationList section */
	};
	rootObject = 96161F6E1DB5CB9D005A2034 /* Project object */;
}
